
Microsoft Visual Studio Solution File, Format Version 12.00
# Visual Studio Version 17
VisualStudioVersion = 17.7.34003.232
MinimumVisualStudioVersion = 10.0.40219.1
Project("{9A19103F-16F7-4668-BE54-9A1E7A4F7556}") = "LoopIgennemIntArray", "ConsoleApp1\LoopIgennemIntArray.csproj", "{34CA0632-312D-4363-8D4F-1FE031137165}"
EndProject
Project("{9A19103F-16F7-4668-BE54-9A1E7A4F7556}") = "FindSummenAfArray", "ConsoleApp2\FindSummenAfArray.csproj", "{7B8E5EEA-999D-4114-B7EF-24FCC5759540}"
EndProject
Project("{9A19103F-16F7-4668-BE54-9A1E7A4F7556}") = "FindStørsteTalIArray", "CF3\FindStørsteTalIArray.csproj", "{0632802F-4454-40ED-B722-99E31A32C853}"
EndProject
Project("{9A19103F-16F7-4668-BE54-9A1E7A4F7556}") = "FindMindsteTalIArray", "CF4\FindMindsteTalIArray.csproj", "{5AB6A4BF-CBA9-4FE1-A2E6-CB8057B8D6D9}"
EndProject
Project("{9A19103F-16F7-4668-BE54-9A1E7A4F7556}") = "SortArrayLavestHøjest", "CF5\SortArrayLavestHøjest.csproj", "{097B9C6D-4DA8-47D0-A523-F59534F67890}"
EndProject
Project("{9A19103F-16F7-4668-BE54-9A1E7A4F7556}") = "SortArrayHøjestLavest", "CF6\SortArrayHøjestLavest.csproj", "{7B19A335-314B-473E-B27C-4286DEA0413B}"
EndProject
Project("{9A19103F-16F7-4668-BE54-9A1E7A4F7556}") = "ToUpperToLower", "CF7\ToUpperToLower.csproj", "{59E262CA-2AFD-42A6-AAD5-9885EF838030}"
EndProject
Project("{9A19103F-16F7-4668-BE54-9A1E7A4F7556}") = "FindLængdenAfString", "CF8\FindLængdenAfString.csproj", "{BA5AB53C-4BCE-483E-B2A7-C04D33BE4AAE}"
EndProject
Project("{9A19103F-16F7-4668-BE54-9A1E7A4F7556}") = "FjernMellemrum", "CF9\FjernMellemrum.csproj", "{9FEF78BE-FE20-4980-BB37-303BB9CB2E4F}"
EndProject
Project("{9A19103F-16F7-4668-BE54-9A1E7A4F7556}") = "ReverseString", "CF10\ReverseString.csproj", "{AE198AA9-9327-4430-BE4E-EC6011F29970}"
EndProject
Project("{9A19103F-16F7-4668-BE54-9A1E7A4F7556}") = "TestFlow", "TestFlow\TestFlow.csproj", "{7F81D1A6-9FD2-41B6-80A8-F947932738B0}"
EndProject
Project("{9A19103F-16F7-4668-BE54-9A1E7A4F7556}") = "StringReverseUserInput", "StringReverseUserInput\StringReverseUserInput.csproj", "{0D79D712-5749-4109-B758-072A0636CDEA}"
EndProject
Project("{2150E333-8FDC-42A3-9474-1A3956D46DE8}") = "Strings", "Strings", "{00147E1A-93D6-493F-8B2C-7569C8DF8889}"
EndProject
Project("{2150E333-8FDC-42A3-9474-1A3956D46DE8}") = "Tal", "Tal", "{FAF919FC-0F84-45E6-968D-0C4C877D7A0D}"
EndProject
Project("{2150E333-8FDC-42A3-9474-1A3956D46DE8}") = "Øveklasser", "Øveklasser", "{71D386AC-13C4-4CDF-8B6E-D9B5C6E282AF}"
EndProject
Project("{9A19103F-16F7-4668-BE54-9A1E7A4F7556}") = "LoopIgennemStringArray", "LoopIgennemStringArray\LoopIgennemStringArray.csproj", "{4F68C151-C14A-4B18-A4C1-F7F2AB05F61F}"
EndProject
Project("{9A19103F-16F7-4668-BE54-9A1E7A4F7556}") = "Half", "Half\Half.csproj", "{158F36B4-DD2A-4017-BC39-2F7A019CCC25}"
EndProject
Project("{9A19103F-16F7-4668-BE54-9A1E7A4F7556}") = "Substring", "Substring\Substring.csproj", "{649AB640-5054-4662-86BA-67CD34200D94}"
EndProject
Project("{9A19103F-16F7-4668-BE54-9A1E7A4F7556}") = "CompareNumbers", "CompareNumbers\CompareNumbers.csproj", "{3DF34D77-CF7F-42F1-A366-12CA4EDD0232}"
EndProject
Project("{9A19103F-16F7-4668-BE54-9A1E7A4F7556}") = "CompareWords", "CompareWords\CompareWords.csproj", "{17E67547-8B87-4626-B697-3847FF4B67E7}"
EndProject
Project("{9A19103F-16F7-4668-BE54-9A1E7A4F7556}") = "CelsiusChecker", "CelsiusChecker\CelsiusChecker.csproj", "{99131031-C492-4D53-8714-BE793FABD5B8}"
EndProject
Project("{9A19103F-16F7-4668-BE54-9A1E7A4F7556}") = "LeapYear", "LeapYear\LeapYear.csproj", "{F747EEC9-108E-4178-8591-00F83594A9D0}"
EndProject
Project("{9A19103F-16F7-4668-BE54-9A1E7A4F7556}") = "TilføjMellemrum", "TilføjMellemrum\TilføjMellemrum.csproj", "{5AB6699E-410D-47D2-941F-51258BD5C52A}"
EndProject
Project("{9A19103F-16F7-4668-BE54-9A1E7A4F7556}") = "OmvendStringStringBuilder", "OmvendStringStringBuilder\OmvendStringStringBuilder.csproj", "{85443E86-121A-4453-A269-B2BF50CCA499}"
EndProject
Project("{9A19103F-16F7-4668-BE54-9A1E7A4F7556}") = "Search_List_Contains_IndexOf_LastIndexOf", "Search_List_Contains_IndexOf_LastIndexOf\Search_List_Contains_IndexOf_LastIndexOf.csproj", "{1821AB1A-1D08-48BC-A576-E202244C6F0E}"
EndProject
Project("{9A19103F-16F7-4668-BE54-9A1E7A4F7556}") = "From_Krone_To_Euro", "From_Krone_To_Euro\From_Krone_To_Euro.csproj", "{87DFBA70-2622-45E5-A5EF-4B9ECD8F7B64}"
EndProject
Project("{9A19103F-16F7-4668-BE54-9A1E7A4F7556}") = "From_Kg_To_Pounds", "From_Kg_To_Pounds\From_Kg_To_Pounds.csproj", "{BB6618EB-4876-4431-8A4F-EE40338CDE10}"
EndProject
Project("{FAE04EC0-301F-11D3-BF4B-00C04F79EFBC}") = "firstAndLastNumberArray1", "firstAndLastNumberArray1\firstAndLastNumberArray1.csproj", "{675BF49C-DB4E-4CD2-81A9-89903A8AE328}"
EndProject
Global
	GlobalSection(SolutionConfigurationPlatforms) = preSolution
		Debug|Any CPU = Debug|Any CPU
		Release|Any CPU = Release|Any CPU
	EndGlobalSection
	GlobalSection(ProjectConfigurationPlatforms) = postSolution
		{34CA0632-312D-4363-8D4F-1FE031137165}.Debug|Any CPU.ActiveCfg = Debug|Any CPU
		{34CA0632-312D-4363-8D4F-1FE031137165}.Debug|Any CPU.Build.0 = Debug|Any CPU
		{34CA0632-312D-4363-8D4F-1FE031137165}.Release|Any CPU.ActiveCfg = Release|Any CPU
		{34CA0632-312D-4363-8D4F-1FE031137165}.Release|Any CPU.Build.0 = Release|Any CPU
		{7B8E5EEA-999D-4114-B7EF-24FCC5759540}.Debug|Any CPU.ActiveCfg = Debug|Any CPU
		{7B8E5EEA-999D-4114-B7EF-24FCC5759540}.Debug|Any CPU.Build.0 = Debug|Any CPU
		{7B8E5EEA-999D-4114-B7EF-24FCC5759540}.Release|Any CPU.ActiveCfg = Release|Any CPU
		{7B8E5EEA-999D-4114-B7EF-24FCC5759540}.Release|Any CPU.Build.0 = Release|Any CPU
		{0632802F-4454-40ED-B722-99E31A32C853}.Debug|Any CPU.ActiveCfg = Debug|Any CPU
		{0632802F-4454-40ED-B722-99E31A32C853}.Debug|Any CPU.Build.0 = Debug|Any CPU
		{0632802F-4454-40ED-B722-99E31A32C853}.Release|Any CPU.ActiveCfg = Release|Any CPU
		{0632802F-4454-40ED-B722-99E31A32C853}.Release|Any CPU.Build.0 = Release|Any CPU
		{5AB6A4BF-CBA9-4FE1-A2E6-CB8057B8D6D9}.Debug|Any CPU.ActiveCfg = Debug|Any CPU
		{5AB6A4BF-CBA9-4FE1-A2E6-CB8057B8D6D9}.Debug|Any CPU.Build.0 = Debug|Any CPU
		{5AB6A4BF-CBA9-4FE1-A2E6-CB8057B8D6D9}.Release|Any CPU.ActiveCfg = Release|Any CPU
		{5AB6A4BF-CBA9-4FE1-A2E6-CB8057B8D6D9}.Release|Any CPU.Build.0 = Release|Any CPU
		{097B9C6D-4DA8-47D0-A523-F59534F67890}.Debug|Any CPU.ActiveCfg = Debug|Any CPU
		{097B9C6D-4DA8-47D0-A523-F59534F67890}.Debug|Any CPU.Build.0 = Debug|Any CPU
		{097B9C6D-4DA8-47D0-A523-F59534F67890}.Release|Any CPU.ActiveCfg = Release|Any CPU
		{097B9C6D-4DA8-47D0-A523-F59534F67890}.Release|Any CPU.Build.0 = Release|Any CPU
		{7B19A335-314B-473E-B27C-4286DEA0413B}.Debug|Any CPU.ActiveCfg = Debug|Any CPU
		{7B19A335-314B-473E-B27C-4286DEA0413B}.Debug|Any CPU.Build.0 = Debug|Any CPU
		{7B19A335-314B-473E-B27C-4286DEA0413B}.Release|Any CPU.ActiveCfg = Release|Any CPU
		{7B19A335-314B-473E-B27C-4286DEA0413B}.Release|Any CPU.Build.0 = Release|Any CPU
		{59E262CA-2AFD-42A6-AAD5-9885EF838030}.Debug|Any CPU.ActiveCfg = Debug|Any CPU
		{59E262CA-2AFD-42A6-AAD5-9885EF838030}.Debug|Any CPU.Build.0 = Debug|Any CPU
		{59E262CA-2AFD-42A6-AAD5-9885EF838030}.Release|Any CPU.ActiveCfg = Release|Any CPU
		{59E262CA-2AFD-42A6-AAD5-9885EF838030}.Release|Any CPU.Build.0 = Release|Any CPU
		{BA5AB53C-4BCE-483E-B2A7-C04D33BE4AAE}.Debug|Any CPU.ActiveCfg = Debug|Any CPU
		{BA5AB53C-4BCE-483E-B2A7-C04D33BE4AAE}.Debug|Any CPU.Build.0 = Debug|Any CPU
		{BA5AB53C-4BCE-483E-B2A7-C04D33BE4AAE}.Release|Any CPU.ActiveCfg = Release|Any CPU
		{BA5AB53C-4BCE-483E-B2A7-C04D33BE4AAE}.Release|Any CPU.Build.0 = Release|Any CPU
		{9FEF78BE-FE20-4980-BB37-303BB9CB2E4F}.Debug|Any CPU.ActiveCfg = Debug|Any CPU
		{9FEF78BE-FE20-4980-BB37-303BB9CB2E4F}.Debug|Any CPU.Build.0 = Debug|Any CPU
		{9FEF78BE-FE20-4980-BB37-303BB9CB2E4F}.Release|Any CPU.ActiveCfg = Release|Any CPU
		{9FEF78BE-FE20-4980-BB37-303BB9CB2E4F}.Release|Any CPU.Build.0 = Release|Any CPU
		{AE198AA9-9327-4430-BE4E-EC6011F29970}.Debug|Any CPU.ActiveCfg = Debug|Any CPU
		{AE198AA9-9327-4430-BE4E-EC6011F29970}.Debug|Any CPU.Build.0 = Debug|Any CPU
		{AE198AA9-9327-4430-BE4E-EC6011F29970}.Release|Any CPU.ActiveCfg = Release|Any CPU
		{AE198AA9-9327-4430-BE4E-EC6011F29970}.Release|Any CPU.Build.0 = Release|Any CPU
		{7F81D1A6-9FD2-41B6-80A8-F947932738B0}.Debug|Any CPU.ActiveCfg = Debug|Any CPU
		{7F81D1A6-9FD2-41B6-80A8-F947932738B0}.Debug|Any CPU.Build.0 = Debug|Any CPU
		{7F81D1A6-9FD2-41B6-80A8-F947932738B0}.Release|Any CPU.ActiveCfg = Release|Any CPU
		{7F81D1A6-9FD2-41B6-80A8-F947932738B0}.Release|Any CPU.Build.0 = Release|Any CPU
		{0D79D712-5749-4109-B758-072A0636CDEA}.Debug|Any CPU.ActiveCfg = Debug|Any CPU
		{0D79D712-5749-4109-B758-072A0636CDEA}.Debug|Any CPU.Build.0 = Debug|Any CPU
		{0D79D712-5749-4109-B758-072A0636CDEA}.Release|Any CPU.ActiveCfg = Release|Any CPU
		{0D79D712-5749-4109-B758-072A0636CDEA}.Release|Any CPU.Build.0 = Release|Any CPU
		{4F68C151-C14A-4B18-A4C1-F7F2AB05F61F}.Debug|Any CPU.ActiveCfg = Debug|Any CPU
		{4F68C151-C14A-4B18-A4C1-F7F2AB05F61F}.Debug|Any CPU.Build.0 = Debug|Any CPU
		{4F68C151-C14A-4B18-A4C1-F7F2AB05F61F}.Release|Any CPU.ActiveCfg = Release|Any CPU
		{4F68C151-C14A-4B18-A4C1-F7F2AB05F61F}.Release|Any CPU.Build.0 = Release|Any CPU
		{158F36B4-DD2A-4017-BC39-2F7A019CCC25}.Debug|Any CPU.ActiveCfg = Debug|Any CPU
		{158F36B4-DD2A-4017-BC39-2F7A019CCC25}.Debug|Any CPU.Build.0 = Debug|Any CPU
		{158F36B4-DD2A-4017-BC39-2F7A019CCC25}.Release|Any CPU.ActiveCfg = Release|Any CPU
		{158F36B4-DD2A-4017-BC39-2F7A019CCC25}.Release|Any CPU.Build.0 = Release|Any CPU
		{649AB640-5054-4662-86BA-67CD34200D94}.Debug|Any CPU.ActiveCfg = Debug|Any CPU
		{649AB640-5054-4662-86BA-67CD34200D94}.Debug|Any CPU.Build.0 = Debug|Any CPU
		{649AB640-5054-4662-86BA-67CD34200D94}.Release|Any CPU.ActiveCfg = Release|Any CPU
		{649AB640-5054-4662-86BA-67CD34200D94}.Release|Any CPU.Build.0 = Release|Any CPU
		{3DF34D77-CF7F-42F1-A366-12CA4EDD0232}.Debug|Any CPU.ActiveCfg = Debug|Any CPU
		{3DF34D77-CF7F-42F1-A366-12CA4EDD0232}.Debug|Any CPU.Build.0 = Debug|Any CPU
		{3DF34D77-CF7F-42F1-A366-12CA4EDD0232}.Release|Any CPU.ActiveCfg = Release|Any CPU
		{3DF34D77-CF7F-42F1-A366-12CA4EDD0232}.Release|Any CPU.Build.0 = Release|Any CPU
		{17E67547-8B87-4626-B697-3847FF4B67E7}.Debug|Any CPU.ActiveCfg = Debug|Any CPU
		{17E67547-8B87-4626-B697-3847FF4B67E7}.Debug|Any CPU.Build.0 = Debug|Any CPU
		{17E67547-8B87-4626-B697-3847FF4B67E7}.Release|Any CPU.ActiveCfg = Release|Any CPU
		{17E67547-8B87-4626-B697-3847FF4B67E7}.Release|Any CPU.Build.0 = Release|Any CPU
		{99131031-C492-4D53-8714-BE793FABD5B8}.Debug|Any CPU.ActiveCfg = Debug|Any CPU
		{99131031-C492-4D53-8714-BE793FABD5B8}.Debug|Any CPU.Build.0 = Debug|Any CPU
		{99131031-C492-4D53-8714-BE793FABD5B8}.Release|Any CPU.ActiveCfg = Release|Any CPU
		{99131031-C492-4D53-8714-BE793FABD5B8}.Release|Any CPU.Build.0 = Release|Any CPU
		{F747EEC9-108E-4178-8591-00F83594A9D0}.Debug|Any CPU.ActiveCfg = Debug|Any CPU
		{F747EEC9-108E-4178-8591-00F83594A9D0}.Debug|Any CPU.Build.0 = Debug|Any CPU
		{F747EEC9-108E-4178-8591-00F83594A9D0}.Release|Any CPU.ActiveCfg = Release|Any CPU
		{F747EEC9-108E-4178-8591-00F83594A9D0}.Release|Any CPU.Build.0 = Release|Any CPU
		{5AB6699E-410D-47D2-941F-51258BD5C52A}.Debug|Any CPU.ActiveCfg = Debug|Any CPU
		{5AB6699E-410D-47D2-941F-51258BD5C52A}.Debug|Any CPU.Build.0 = Debug|Any CPU
		{5AB6699E-410D-47D2-941F-51258BD5C52A}.Release|Any CPU.ActiveCfg = Release|Any CPU
		{5AB6699E-410D-47D2-941F-51258BD5C52A}.Release|Any CPU.Build.0 = Release|Any CPU
		{85443E86-121A-4453-A269-B2BF50CCA499}.Debug|Any CPU.ActiveCfg = Debug|Any CPU
		{85443E86-121A-4453-A269-B2BF50CCA499}.Debug|Any CPU.Build.0 = Debug|Any CPU
		{85443E86-121A-4453-A269-B2BF50CCA499}.Release|Any CPU.ActiveCfg = Release|Any CPU
		{85443E86-121A-4453-A269-B2BF50CCA499}.Release|Any CPU.Build.0 = Release|Any CPU
		{1821AB1A-1D08-48BC-A576-E202244C6F0E}.Debug|Any CPU.ActiveCfg = Debug|Any CPU
		{1821AB1A-1D08-48BC-A576-E202244C6F0E}.Debug|Any CPU.Build.0 = Debug|Any CPU
		{1821AB1A-1D08-48BC-A576-E202244C6F0E}.Release|Any CPU.ActiveCfg = Release|Any CPU
		{1821AB1A-1D08-48BC-A576-E202244C6F0E}.Release|Any CPU.Build.0 = Release|Any CPU
		{87DFBA70-2622-45E5-A5EF-4B9ECD8F7B64}.Debug|Any CPU.ActiveCfg = Debug|Any CPU
		{87DFBA70-2622-45E5-A5EF-4B9ECD8F7B64}.Debug|Any CPU.Build.0 = Debug|Any CPU
		{87DFBA70-2622-45E5-A5EF-4B9ECD8F7B64}.Release|Any CPU.ActiveCfg = Release|Any CPU
		{87DFBA70-2622-45E5-A5EF-4B9ECD8F7B64}.Release|Any CPU.Build.0 = Release|Any CPU
		{BB6618EB-4876-4431-8A4F-EE40338CDE10}.Debug|Any CPU.ActiveCfg = Debug|Any CPU
		{BB6618EB-4876-4431-8A4F-EE40338CDE10}.Debug|Any CPU.Build.0 = Debug|Any CPU
		{BB6618EB-4876-4431-8A4F-EE40338CDE10}.Release|Any CPU.ActiveCfg = Release|Any CPU
		{BB6618EB-4876-4431-8A4F-EE40338CDE10}.Release|Any CPU.Build.0 = Release|Any CPU
		{675BF49C-DB4E-4CD2-81A9-89903A8AE328}.Debug|Any CPU.ActiveCfg = Debug|Any CPU
		{675BF49C-DB4E-4CD2-81A9-89903A8AE328}.Debug|Any CPU.Build.0 = Debug|Any CPU
		{675BF49C-DB4E-4CD2-81A9-89903A8AE328}.Release|Any CPU.ActiveCfg = Release|Any CPU
		{675BF49C-DB4E-4CD2-81A9-89903A8AE328}.Release|Any CPU.Build.0 = Release|Any CPU
	EndGlobalSection
	GlobalSection(SolutionProperties) = preSolution
		HideSolutionNode = FALSE
	EndGlobalSection
	GlobalSection(NestedProjects) = preSolution
		{34CA0632-312D-4363-8D4F-1FE031137165} = {FAF919FC-0F84-45E6-968D-0C4C877D7A0D}
		{7B8E5EEA-999D-4114-B7EF-24FCC5759540} = {FAF919FC-0F84-45E6-968D-0C4C877D7A0D}
		{0632802F-4454-40ED-B722-99E31A32C853} = {FAF919FC-0F84-45E6-968D-0C4C877D7A0D}
		{5AB6A4BF-CBA9-4FE1-A2E6-CB8057B8D6D9} = {FAF919FC-0F84-45E6-968D-0C4C877D7A0D}
		{097B9C6D-4DA8-47D0-A523-F59534F67890} = {FAF919FC-0F84-45E6-968D-0C4C877D7A0D}
		{7B19A335-314B-473E-B27C-4286DEA0413B} = {FAF919FC-0F84-45E6-968D-0C4C877D7A0D}
		{59E262CA-2AFD-42A6-AAD5-9885EF838030} = {00147E1A-93D6-493F-8B2C-7569C8DF8889}
		{BA5AB53C-4BCE-483E-B2A7-C04D33BE4AAE} = {00147E1A-93D6-493F-8B2C-7569C8DF8889}
		{9FEF78BE-FE20-4980-BB37-303BB9CB2E4F} = {00147E1A-93D6-493F-8B2C-7569C8DF8889}
		{AE198AA9-9327-4430-BE4E-EC6011F29970} = {00147E1A-93D6-493F-8B2C-7569C8DF8889}
		{7F81D1A6-9FD2-41B6-80A8-F947932738B0} = {71D386AC-13C4-4CDF-8B6E-D9B5C6E282AF}
		{0D79D712-5749-4109-B758-072A0636CDEA} = {00147E1A-93D6-493F-8B2C-7569C8DF8889}
		{4F68C151-C14A-4B18-A4C1-F7F2AB05F61F} = {00147E1A-93D6-493F-8B2C-7569C8DF8889}
		{158F36B4-DD2A-4017-BC39-2F7A019CCC25} = {FAF919FC-0F84-45E6-968D-0C4C877D7A0D}
		{649AB640-5054-4662-86BA-67CD34200D94} = {00147E1A-93D6-493F-8B2C-7569C8DF8889}
		{3DF34D77-CF7F-42F1-A366-12CA4EDD0232} = {FAF919FC-0F84-45E6-968D-0C4C877D7A0D}
		{17E67547-8B87-4626-B697-3847FF4B67E7} = {00147E1A-93D6-493F-8B2C-7569C8DF8889}
		{99131031-C492-4D53-8714-BE793FABD5B8} = {FAF919FC-0F84-45E6-968D-0C4C877D7A0D}
		{F747EEC9-108E-4178-8591-00F83594A9D0} = {FAF919FC-0F84-45E6-968D-0C4C877D7A0D}
		{5AB6699E-410D-47D2-941F-51258BD5C52A} = {00147E1A-93D6-493F-8B2C-7569C8DF8889}
		{85443E86-121A-4453-A269-B2BF50CCA499} = {00147E1A-93D6-493F-8B2C-7569C8DF8889}
		{1821AB1A-1D08-48BC-A576-E202244C6F0E} = {FAF919FC-0F84-45E6-968D-0C4C877D7A0D}
		{87DFBA70-2622-45E5-A5EF-4B9ECD8F7B64} = {FAF919FC-0F84-45E6-968D-0C4C877D7A0D}
		{BB6618EB-4876-4431-8A4F-EE40338CDE10} = {FAF919FC-0F84-45E6-968D-0C4C877D7A0D}
		{675BF49C-DB4E-4CD2-81A9-89903A8AE328} = {FAF919FC-0F84-45E6-968D-0C4C877D7A0D}
	EndGlobalSection
	GlobalSection(ExtensibilityGlobals) = postSolution
		SolutionGuid = {E6DAAA40-9319-47FA-81C3-EC650C78AB38}
	EndGlobalSection
EndGlobal
